
Microsoft Visual Studio Solution File, Format Version 12.00
# Visual Studio 15
VisualStudioVersion = 15.0.28010.2026
MinimumVisualStudioVersion = 10.0.40219.1
Project("{FAE04EC0-301F-11D3-BF4B-00C04F79EFBC}") = "C2D.Android", "C2D\C2D.Android\C2D.Android.csproj", "{2F8EC52E-BEA5-4AD0-B8CD-6FA2549F5EE4}"
EndProject
Project("{FAE04EC0-301F-11D3-BF4B-00C04F79EFBC}") = "C2D.iOS", "C2D\C2D.iOS\C2D.iOS.csproj", "{347A6837-B912-489B-BDFC-54F4FE38E0A1}"
EndProject
Project("{FAE04EC0-301F-11D3-BF4B-00C04F79EFBC}") = "C2D.UWP", "C2D\C2D.UWP\C2D.UWP.csproj", "{75B23289-CE8C-4581-9644-816F4DCE5707}"
EndProject
Project("{D954291E-2A0B-460D-934E-DC6B0785DB48}") = "C2D", "C2D\C2D\C2D.shproj", "{ECBC3BAD-5EC1-4856-A056-385CA3327F0E}"
EndProject
Global
	GlobalSection(SharedMSBuildProjectFiles) = preSolution
		C2D\C2D\C2D.projitems*{2f8ec52e-bea5-4ad0-b8cd-6fa2549f5ee4}*SharedItemsImports = 4
		C2D\C2D\C2D.projitems*{347a6837-b912-489b-bdfc-54f4fe38e0a1}*SharedItemsImports = 4
		C2D\C2D\C2D.projitems*{75b23289-ce8c-4581-9644-816f4dce5707}*SharedItemsImports = 4
		C2D\C2D\C2D.projitems*{ecbc3bad-5ec1-4856-a056-385ca3327f0e}*SharedItemsImports = 13
	EndGlobalSection
	GlobalSection(SolutionConfigurationPlatforms) = preSolution
		Ad-Hoc|Any CPU = Ad-Hoc|Any CPU
		Ad-Hoc|ARM = Ad-Hoc|ARM
		Ad-Hoc|iPhone = Ad-Hoc|iPhone
		Ad-Hoc|iPhoneSimulator = Ad-Hoc|iPhoneSimulator
		Ad-Hoc|x64 = Ad-Hoc|x64
		Ad-Hoc|x86 = Ad-Hoc|x86
		AppStore|Any CPU = AppStore|Any CPU
		AppStore|ARM = AppStore|ARM
		AppStore|iPhone = AppStore|iPhone
		AppStore|iPhoneSimulator = AppStore|iPhoneSimulator
		AppStore|x64 = AppStore|x64
		AppStore|x86 = AppStore|x86
		Debug|Any CPU = Debug|Any CPU
		Debug|ARM = Debug|ARM
		Debug|iPhone = Debug|iPhone
		Debug|iPhoneSimulator = Debug|iPhoneSimulator
		Debug|x64 = Debug|x64
		Debug|x86 = Debug|x86
		Release|Any CPU = Release|Any CPU
		Release|ARM = Release|ARM
		Release|iPhone = Release|iPhone
		Release|iPhoneSimulator = Release|iPhoneSimulator
		Release|x64 = Release|x64
		Release|x86 = Release|x86
	EndGlobalSection
	GlobalSection(ProjectConfigurationPlatforms) = postSolution
		{2F8EC52E-BEA5-4AD0-B8CD-6FA2549F5EE4}.Ad-Hoc|Any CPU.ActiveCfg = Release|Any CPU
		{2F8EC52E-BEA5-4AD0-B8CD-6FA2549F5EE4}.Ad-Hoc|Any CPU.Build.0 = Release|Any CPU
		{2F8EC52E-BEA5-4AD0-B8CD-6FA2549F5EE4}.Ad-Hoc|Any CPU.Deploy.0 = Release|Any CPU
		{2F8EC52E-BEA5-4AD0-B8CD-6FA2549F5EE4}.Ad-Hoc|ARM.ActiveCfg = Release|Any CPU
		{2F8EC52E-BEA5-4AD0-B8CD-6FA2549F5EE4}.Ad-Hoc|ARM.Build.0 = Release|Any CPU
		{2F8EC52E-BEA5-4AD0-B8CD-6FA2549F5EE4}.Ad-Hoc|ARM.Deploy.0 = Release|Any CPU
		{2F8EC52E-BEA5-4AD0-B8CD-6FA2549F5EE4}.Ad-Hoc|iPhone.ActiveCfg = Release|Any CPU
		{2F8EC52E-BEA5-4AD0-B8CD-6FA2549F5EE4}.Ad-Hoc|iPhone.Build.0 = Release|Any CPU
		{2F8EC52E-BEA5-4AD0-B8CD-6FA2549F5EE4}.Ad-Hoc|iPhone.Deploy.0 = Release|Any CPU
		{2F8EC52E-BEA5-4AD0-B8CD-6FA2549F5EE4}.Ad-Hoc|iPhoneSimulator.ActiveCfg = Release|Any CPU
		{2F8EC52E-BEA5-4AD0-B8CD-6FA2549F5EE4}.Ad-Hoc|iPhoneSimulator.Build.0 = Release|Any CPU
		{2F8EC52E-BEA5-4AD0-B8CD-6FA2549F5EE4}.Ad-Hoc|iPhoneSimulator.Deploy.0 = Release|Any CPU
		{2F8EC52E-BEA5-4AD0-B8CD-6FA2549F5EE4}.Ad-Hoc|x64.ActiveCfg = Release|Any CPU
		{2F8EC52E-BEA5-4AD0-B8CD-6FA2549F5EE4}.Ad-Hoc|x64.Build.0 = Release|Any CPU
		{2F8EC52E-BEA5-4AD0-B8CD-6FA2549F5EE4}.Ad-Hoc|x64.Deploy.0 = Release|Any CPU
		{2F8EC52E-BEA5-4AD0-B8CD-6FA2549F5EE4}.Ad-Hoc|x86.ActiveCfg = Release|Any CPU
		{2F8EC52E-BEA5-4AD0-B8CD-6FA2549F5EE4}.Ad-Hoc|x86.Build.0 = Release|Any CPU
		{2F8EC52E-BEA5-4AD0-B8CD-6FA2549F5EE4}.Ad-Hoc|x86.Deploy.0 = Release|Any CPU
		{2F8EC52E-BEA5-4AD0-B8CD-6FA2549F5EE4}.AppStore|Any CPU.ActiveCfg = Release|Any CPU
		{2F8EC52E-BEA5-4AD0-B8CD-6FA2549F5EE4}.AppStore|Any CPU.Build.0 = Release|Any CPU
		{2F8EC52E-BEA5-4AD0-B8CD-6FA2549F5EE4}.AppStore|Any CPU.Deploy.0 = Release|Any CPU
		{2F8EC52E-BEA5-4AD0-B8CD-6FA2549F5EE4}.AppStore|ARM.ActiveCfg = Release|Any CPU
		{2F8EC52E-BEA5-4AD0-B8CD-6FA2549F5EE4}.AppStore|ARM.Build.0 = Release|Any CPU
		{2F8EC52E-BEA5-4AD0-B8CD-6FA2549F5EE4}.AppStore|ARM.Deploy.0 = Release|Any CPU
		{2F8EC52E-BEA5-4AD0-B8CD-6FA2549F5EE4}.AppStore|iPhone.ActiveCfg = Release|Any CPU
		{2F8EC52E-BEA5-4AD0-B8CD-6FA2549F5EE4}.AppStore|iPhone.Build.0 = Release|Any CPU
		{2F8EC52E-BEA5-4AD0-B8CD-6FA2549F5EE4}.AppStore|iPhone.Deploy.0 = Release|Any CPU
		{2F8EC52E-BEA5-4AD0-B8CD-6FA2549F5EE4}.AppStore|iPhoneSimulator.ActiveCfg = Release|Any CPU
		{2F8EC52E-BEA5-4AD0-B8CD-6FA2549F5EE4}.AppStore|iPhoneSimulator.Build.0 = Release|Any CPU
		{2F8EC52E-BEA5-4AD0-B8CD-6FA2549F5EE4}.AppStore|iPhoneSimulator.Deploy.0 = Release|Any CPU
		{2F8EC52E-BEA5-4AD0-B8CD-6FA2549F5EE4}.AppStore|x64.ActiveCfg = Release|Any CPU
		{2F8EC52E-BEA5-4AD0-B8CD-6FA2549F5EE4}.AppStore|x64.Build.0 = Release|Any CPU
		{2F8EC52E-BEA5-4AD0-B8CD-6FA2549F5EE4}.AppStore|x64.Deploy.0 = Release|Any CPU
		{2F8EC52E-BEA5-4AD0-B8CD-6FA2549F5EE4}.AppStore|x86.ActiveCfg = Release|Any CPU
		{2F8EC52E-BEA5-4AD0-B8CD-6FA2549F5EE4}.AppStore|x86.Build.0 = Release|Any CPU
		{2F8EC52E-BEA5-4AD0-B8CD-6FA2549F5EE4}.AppStore|x86.Deploy.0 = Release|Any CPU
		{2F8EC52E-BEA5-4AD0-B8CD-6FA2549F5EE4}.Debug|Any CPU.ActiveCfg = Debug|Any CPU
		{2F8EC52E-BEA5-4AD0-B8CD-6FA2549F5EE4}.Debug|Any CPU.Build.0 = Debug|Any CPU
		{2F8EC52E-BEA5-4AD0-B8CD-6FA2549F5EE4}.Debug|Any CPU.Deploy.0 = Debug|Any CPU
		{2F8EC52E-BEA5-4AD0-B8CD-6FA2549F5EE4}.Debug|ARM.ActiveCfg = Debug|Any CPU
		{2F8EC52E-BEA5-4AD0-B8CD-6FA2549F5EE4}.Debug|ARM.Build.0 = Debug|Any CPU
		{2F8EC52E-BEA5-4AD0-B8CD-6FA2549F5EE4}.Debug|ARM.Deploy.0 = Debug|Any CPU
		{2F8EC52E-BEA5-4AD0-B8CD-6FA2549F5EE4}.Debug|iPhone.ActiveCfg = Debug|Any CPU
		{2F8EC52E-BEA5-4AD0-B8CD-6FA2549F5EE4}.Debug|iPhone.Build.0 = Debug|Any CPU
		{2F8EC52E-BEA5-4AD0-B8CD-6FA2549F5EE4}.Debug|iPhone.Deploy.0 = Debug|Any CPU
		{2F8EC52E-BEA5-4AD0-B8CD-6FA2549F5EE4}.Debug|iPhoneSimulator.ActiveCfg = Debug|Any CPU
		{2F8EC52E-BEA5-4AD0-B8CD-6FA2549F5EE4}.Debug|iPhoneSimulator.Build.0 = Debug|Any CPU
		{2F8EC52E-BEA5-4AD0-B8CD-6FA2549F5EE4}.Debug|iPhoneSimulator.Deploy.0 = Debug|Any CPU
		{2F8EC52E-BEA5-4AD0-B8CD-6FA2549F5EE4}.Debug|x64.ActiveCfg = Debug|Any CPU
		{2F8EC52E-BEA5-4AD0-B8CD-6FA2549F5EE4}.Debug|x64.Build.0 = Debug|Any CPU
		{2F8EC52E-BEA5-4AD0-B8CD-6FA2549F5EE4}.Debug|x64.Deploy.0 = Debug|Any CPU
		{2F8EC52E-BEA5-4AD0-B8CD-6FA2549F5EE4}.Debug|x86.ActiveCfg = Debug|Any CPU
		{2F8EC52E-BEA5-4AD0-B8CD-6FA2549F5EE4}.Debug|x86.Build.0 = Debug|Any CPU
		{2F8EC52E-BEA5-4AD0-B8CD-6FA2549F5EE4}.Debug|x86.Deploy.0 = Debug|Any CPU
		{2F8EC52E-BEA5-4AD0-B8CD-6FA2549F5EE4}.Release|Any CPU.ActiveCfg = Release|Any CPU
		{2F8EC52E-BEA5-4AD0-B8CD-6FA2549F5EE4}.Release|Any CPU.Build.0 = Release|Any CPU
		{2F8EC52E-BEA5-4AD0-B8CD-6FA2549F5EE4}.Release|Any CPU.Deploy.0 = Release|Any CPU
		{2F8EC52E-BEA5-4AD0-B8CD-6FA2549F5EE4}.Release|ARM.ActiveCfg = Release|Any CPU
		{2F8EC52E-BEA5-4AD0-B8CD-6FA2549F5EE4}.Release|ARM.Build.0 = Release|Any CPU
		{2F8EC52E-BEA5-4AD0-B8CD-6FA2549F5EE4}.Release|ARM.Deploy.0 = Release|Any CPU
		{2F8EC52E-BEA5-4AD0-B8CD-6FA2549F5EE4}.Release|iPhone.ActiveCfg = Release|Any CPU
		{2F8EC52E-BEA5-4AD0-B8CD-6FA2549F5EE4}.Release|iPhone.Build.0 = Release|Any CPU
		{2F8EC52E-BEA5-4AD0-B8CD-6FA2549F5EE4}.Release|iPhone.Deploy.0 = Release|Any CPU
		{2F8EC52E-BEA5-4AD0-B8CD-6FA2549F5EE4}.Release|iPhoneSimulator.ActiveCfg = Release|Any CPU
		{2F8EC52E-BEA5-4AD0-B8CD-6FA2549F5EE4}.Release|iPhoneSimulator.Build.0 = Release|Any CPU
		{2F8EC52E-BEA5-4AD0-B8CD-6FA2549F5EE4}.Release|iPhoneSimulator.Deploy.0 = Release|Any CPU
		{2F8EC52E-BEA5-4AD0-B8CD-6FA2549F5EE4}.Release|x64.ActiveCfg = Release|Any CPU
		{2F8EC52E-BEA5-4AD0-B8CD-6FA2549F5EE4}.Release|x64.Build.0 = Release|Any CPU
		{2F8EC52E-BEA5-4AD0-B8CD-6FA2549F5EE4}.Release|x64.Deploy.0 = Release|Any CPU
		{2F8EC52E-BEA5-4AD0-B8CD-6FA2549F5EE4}.Release|x86.ActiveCfg = Release|Any CPU
		{2F8EC52E-BEA5-4AD0-B8CD-6FA2549F5EE4}.Release|x86.Build.0 = Release|Any CPU
		{2F8EC52E-BEA5-4AD0-B8CD-6FA2549F5EE4}.Release|x86.Deploy.0 = Release|Any CPU
		{347A6837-B912-489B-BDFC-54F4FE38E0A1}.Ad-Hoc|Any CPU.ActiveCfg = Ad-Hoc|iPhone
		{347A6837-B912-489B-BDFC-54F4FE38E0A1}.Ad-Hoc|Any CPU.Build.0 = Ad-Hoc|iPhone
		{347A6837-B912-489B-BDFC-54F4FE38E0A1}.Ad-Hoc|Any CPU.Deploy.0 = Ad-Hoc|iPhone
		{347A6837-B912-489B-BDFC-54F4FE38E0A1}.Ad-Hoc|ARM.ActiveCfg = Ad-Hoc|iPhone
		{347A6837-B912-489B-BDFC-54F4FE38E0A1}.Ad-Hoc|ARM.Build.0 = Ad-Hoc|iPhone
		{347A6837-B912-489B-BDFC-54F4FE38E0A1}.Ad-Hoc|ARM.Deploy.0 = Ad-Hoc|iPhone
		{347A6837-B912-489B-BDFC-54F4FE38E0A1}.Ad-Hoc|iPhone.ActiveCfg = Ad-Hoc|iPhone
		{347A6837-B912-489B-BDFC-54F4FE38E0A1}.Ad-Hoc|iPhone.Build.0 = Ad-Hoc|iPhone
		{347A6837-B912-489B-BDFC-54F4FE38E0A1}.Ad-Hoc|iPhone.Deploy.0 = Ad-Hoc|iPhone
		{347A6837-B912-489B-BDFC-54F4FE38E0A1}.Ad-Hoc|iPhoneSimulator.ActiveCfg = Ad-Hoc|iPhoneSimulator
		{347A6837-B912-489B-BDFC-54F4FE38E0A1}.Ad-Hoc|iPhoneSimulator.Build.0 = Ad-Hoc|iPhoneSimulator
		{347A6837-B912-489B-BDFC-54F4FE38E0A1}.Ad-Hoc|iPhoneSimulator.Deploy.0 = Ad-Hoc|iPhoneSimulator
		{347A6837-B912-489B-BDFC-54F4FE38E0A1}.Ad-Hoc|x64.ActiveCfg = Ad-Hoc|iPhone
		{347A6837-B912-489B-BDFC-54F4FE38E0A1}.Ad-Hoc|x64.Build.0 = Ad-Hoc|iPhone
		{347A6837-B912-489B-BDFC-54F4FE38E0A1}.Ad-Hoc|x64.Deploy.0 = Ad-Hoc|iPhone
		{347A6837-B912-489B-BDFC-54F4FE38E0A1}.Ad-Hoc|x86.ActiveCfg = Ad-Hoc|iPhone
		{347A6837-B912-489B-BDFC-54F4FE38E0A1}.Ad-Hoc|x86.Build.0 = Ad-Hoc|iPhone
		{347A6837-B912-489B-BDFC-54F4FE38E0A1}.Ad-Hoc|x86.Deploy.0 = Ad-Hoc|iPhone
		{347A6837-B912-489B-BDFC-54F4FE38E0A1}.AppStore|Any CPU.ActiveCfg = AppStore|iPhone
		{347A6837-B912-489B-BDFC-54F4FE38E0A1}.AppStore|Any CPU.Build.0 = AppStore|iPhone
		{347A6837-B912-489B-BDFC-54F4FE38E0A1}.AppStore|Any CPU.Deploy.0 = AppStore|iPhone
		{347A6837-B912-489B-BDFC-54F4FE38E0A1}.AppStore|ARM.ActiveCfg = AppStore|iPhone
		{347A6837-B912-489B-BDFC-54F4FE38E0A1}.AppStore|ARM.Build.0 = AppStore|iPhone
		{347A6837-B912-489B-BDFC-54F4FE38E0A1}.AppStore|ARM.Deploy.0 = AppStore|iPhone
		{347A6837-B912-489B-BDFC-54F4FE38E0A1}.AppStore|iPhone.ActiveCfg = AppStore|iPhone
		{347A6837-B912-489B-BDFC-54F4FE38E0A1}.AppStore|iPhone.Build.0 = AppStore|iPhone
		{347A6837-B912-489B-BDFC-54F4FE38E0A1}.AppStore|iPhone.Deploy.0 = AppStore|iPhone
		{347A6837-B912-489B-BDFC-54F4FE38E0A1}.AppStore|iPhoneSimulator.ActiveCfg = AppStore|iPhoneSimulator
		{347A6837-B912-489B-BDFC-54F4FE38E0A1}.AppStore|iPhoneSimulator.Build.0 = AppStore|iPhoneSimulator
		{347A6837-B912-489B-BDFC-54F4FE38E0A1}.AppStore|iPhoneSimulator.Deploy.0 = AppStore|iPhoneSimulator
		{347A6837-B912-489B-BDFC-54F4FE38E0A1}.AppStore|x64.ActiveCfg = AppStore|iPhone
		{347A6837-B912-489B-BDFC-54F4FE38E0A1}.AppStore|x64.Build.0 = AppStore|iPhone
		{347A6837-B912-489B-BDFC-54F4FE38E0A1}.AppStore|x64.Deploy.0 = AppStore|iPhone
		{347A6837-B912-489B-BDFC-54F4FE38E0A1}.AppStore|x86.ActiveCfg = AppStore|iPhone
		{347A6837-B912-489B-BDFC-54F4FE38E0A1}.AppStore|x86.Build.0 = AppStore|iPhone
		{347A6837-B912-489B-BDFC-54F4FE38E0A1}.AppStore|x86.Deploy.0 = AppStore|iPhone
		{347A6837-B912-489B-BDFC-54F4FE38E0A1}.Debug|Any CPU.ActiveCfg = Debug|iPhoneSimulator
		{347A6837-B912-489B-BDFC-54F4FE38E0A1}.Debug|Any CPU.Build.0 = Debug|iPhoneSimulator
		{347A6837-B912-489B-BDFC-54F4FE38E0A1}.Debug|Any CPU.Deploy.0 = Debug|iPhoneSimulator
		{347A6837-B912-489B-BDFC-54F4FE38E0A1}.Debug|ARM.ActiveCfg = Debug|iPhone
		{347A6837-B912-489B-BDFC-54F4FE38E0A1}.Debug|ARM.Build.0 = Debug|iPhone
		{347A6837-B912-489B-BDFC-54F4FE38E0A1}.Debug|ARM.Deploy.0 = Debug|iPhone
		{347A6837-B912-489B-BDFC-54F4FE38E0A1}.Debug|iPhone.ActiveCfg = Debug|iPhone
		{347A6837-B912-489B-BDFC-54F4FE38E0A1}.Debug|iPhone.Build.0 = Debug|iPhone
		{347A6837-B912-489B-BDFC-54F4FE38E0A1}.Debug|iPhone.Deploy.0 = Debug|iPhone
		{347A6837-B912-489B-BDFC-54F4FE38E0A1}.Debug|iPhoneSimulator.ActiveCfg = Debug|iPhoneSimulator
		{347A6837-B912-489B-BDFC-54F4FE38E0A1}.Debug|iPhoneSimulator.Build.0 = Debug|iPhoneSimulator
		{347A6837-B912-489B-BDFC-54F4FE38E0A1}.Debug|iPhoneSimulator.Deploy.0 = Debug|iPhoneSimulator
		{347A6837-B912-489B-BDFC-54F4FE38E0A1}.Debug|x64.ActiveCfg = Debug|iPhone
		{347A6837-B912-489B-BDFC-54F4FE38E0A1}.Debug|x64.Build.0 = Debug|iPhone
		{347A6837-B912-489B-BDFC-54F4FE38E0A1}.Debug|x64.Deploy.0 = Debug|iPhone
		{347A6837-B912-489B-BDFC-54F4FE38E0A1}.Debug|x86.ActiveCfg = Debug|iPhone
		{347A6837-B912-489B-BDFC-54F4FE38E0A1}.Debug|x86.Build.0 = Debug|iPhone
		{347A6837-B912-489B-BDFC-54F4FE38E0A1}.Debug|x86.Deploy.0 = Debug|iPhone
		{347A6837-B912-489B-BDFC-54F4FE38E0A1}.Release|Any CPU.ActiveCfg = Release|iPhone
		{347A6837-B912-489B-BDFC-54F4FE38E0A1}.Release|Any CPU.Build.0 = Release|iPhone
		{347A6837-B912-489B-BDFC-54F4FE38E0A1}.Release|Any CPU.Deploy.0 = Release|iPhone
		{347A6837-B912-489B-BDFC-54F4FE38E0A1}.Release|ARM.ActiveCfg = Release|iPhone
		{347A6837-B912-489B-BDFC-54F4FE38E0A1}.Release|ARM.Build.0 = Release|iPhone
		{347A6837-B912-489B-BDFC-54F4FE38E0A1}.Release|ARM.Deploy.0 = Release|iPhone
		{347A6837-B912-489B-BDFC-54F4FE38E0A1}.Release|iPhone.ActiveCfg = Release|iPhone
		{347A6837-B912-489B-BDFC-54F4FE38E0A1}.Release|iPhone.Build.0 = Release|iPhone
		{347A6837-B912-489B-BDFC-54F4FE38E0A1}.Release|iPhone.Deploy.0 = Release|iPhone
		{347A6837-B912-489B-BDFC-54F4FE38E0A1}.Release|iPhoneSimulator.ActiveCfg = Release|iPhoneSimulator
		{347A6837-B912-489B-BDFC-54F4FE38E0A1}.Release|iPhoneSimulator.Build.0 = Release|iPhoneSimulator
		{347A6837-B912-489B-BDFC-54F4FE38E0A1}.Release|iPhoneSimulator.Deploy.0 = Release|iPhoneSimulator
		{347A6837-B912-489B-BDFC-54F4FE38E0A1}.Release|x64.ActiveCfg = Release|iPhone
		{347A6837-B912-489B-BDFC-54F4FE38E0A1}.Release|x64.Build.0 = Release|iPhone
		{347A6837-B912-489B-BDFC-54F4FE38E0A1}.Release|x64.Deploy.0 = Release|iPhone
		{347A6837-B912-489B-BDFC-54F4FE38E0A1}.Release|x86.ActiveCfg = Release|iPhone
		{347A6837-B912-489B-BDFC-54F4FE38E0A1}.Release|x86.Build.0 = Release|iPhone
		{347A6837-B912-489B-BDFC-54F4FE38E0A1}.Release|x86.Deploy.0 = Release|iPhone
		{75B23289-CE8C-4581-9644-816F4DCE5707}.Ad-Hoc|Any CPU.ActiveCfg = Release|x86
		{75B23289-CE8C-4581-9644-816F4DCE5707}.Ad-Hoc|Any CPU.Build.0 = Release|x86
		{75B23289-CE8C-4581-9644-816F4DCE5707}.Ad-Hoc|Any CPU.Deploy.0 = Release|x86
		{75B23289-CE8C-4581-9644-816F4DCE5707}.Ad-Hoc|ARM.ActiveCfg = Release|ARM
		{75B23289-CE8C-4581-9644-816F4DCE5707}.Ad-Hoc|ARM.Build.0 = Release|ARM
		{75B23289-CE8C-4581-9644-816F4DCE5707}.Ad-Hoc|ARM.Deploy.0 = Release|ARM
		{75B23289-CE8C-4581-9644-816F4DCE5707}.Ad-Hoc|iPhone.ActiveCfg = Release|x86
		{75B23289-CE8C-4581-9644-816F4DCE5707}.Ad-Hoc|iPhone.Build.0 = Release|x86
		{75B23289-CE8C-4581-9644-816F4DCE5707}.Ad-Hoc|iPhone.Deploy.0 = Release|x86
		{75B23289-CE8C-4581-9644-816F4DCE5707}.Ad-Hoc|iPhoneSimulator.ActiveCfg = Release|x86
		{75B23289-CE8C-4581-9644-816F4DCE5707}.Ad-Hoc|iPhoneSimulator.Build.0 = Release|x86
		{75B23289-CE8C-4581-9644-816F4DCE5707}.Ad-Hoc|iPhoneSimulator.Deploy.0 = Release|x86
		{75B23289-CE8C-4581-9644-816F4DCE5707}.Ad-Hoc|x64.ActiveCfg = Release|x64
		{75B23289-CE8C-4581-9644-816F4DCE5707}.Ad-Hoc|x64.Build.0 = Release|x64
		{75B23289-CE8C-4581-9644-816F4DCE5707}.Ad-Hoc|x64.Deploy.0 = Release|x64
		{75B23289-CE8C-4581-9644-816F4DCE5707}.Ad-Hoc|x86.ActiveCfg = Release|x86
		{75B23289-CE8C-4581-9644-816F4DCE5707}.Ad-Hoc|x86.Build.0 = Release|x86
		{75B23289-CE8C-4581-9644-816F4DCE5707}.Ad-Hoc|x86.Deploy.0 = Release|x86
		{75B23289-CE8C-4581-9644-816F4DCE5707}.AppStore|Any CPU.ActiveCfg = Release|x86
		{75B23289-CE8C-4581-9644-816F4DCE5707}.AppStore|Any CPU.Build.0 = Release|x86
		{75B23289-CE8C-4581-9644-816F4DCE5707}.AppStore|Any CPU.Deploy.0 = Release|x86
		{75B23289-CE8C-4581-9644-816F4DCE5707}.AppStore|ARM.ActiveCfg = Release|ARM
		{75B23289-CE8C-4581-9644-816F4DCE5707}.AppStore|ARM.Build.0 = Release|ARM
		{75B23289-CE8C-4581-9644-816F4DCE5707}.AppStore|ARM.Deploy.0 = Release|ARM
		{75B23289-CE8C-4581-9644-816F4DCE5707}.AppStore|iPhone.ActiveCfg = Release|x86
		{75B23289-CE8C-4581-9644-816F4DCE5707}.AppStore|iPhone.Build.0 = Release|x86
		{75B23289-CE8C-4581-9644-816F4DCE5707}.AppStore|iPhone.Deploy.0 = Release|x86
		{75B23289-CE8C-4581-9644-816F4DCE5707}.AppStore|iPhoneSimulator.ActiveCfg = Release|x86
		{75B23289-CE8C-4581-9644-816F4DCE5707}.AppStore|iPhoneSimulator.Build.0 = Release|x86
		{75B23289-CE8C-4581-9644-816F4DCE5707}.AppStore|iPhoneSimulator.Deploy.0 = Release|x86
		{75B23289-CE8C-4581-9644-816F4DCE5707}.AppStore|x64.ActiveCfg = Release|x64
		{75B23289-CE8C-4581-9644-816F4DCE5707}.AppStore|x64.Build.0 = Release|x64
		{75B23289-CE8C-4581-9644-816F4DCE5707}.AppStore|x64.Deploy.0 = Release|x64
		{75B23289-CE8C-4581-9644-816F4DCE5707}.AppStore|x86.ActiveCfg = Release|x86
		{75B23289-CE8C-4581-9644-816F4DCE5707}.AppStore|x86.Build.0 = Release|x86
		{75B23289-CE8C-4581-9644-816F4DCE5707}.AppStore|x86.Deploy.0 = Release|x86
		{75B23289-CE8C-4581-9644-816F4DCE5707}.Debug|Any CPU.ActiveCfg = Debug|x86
		{75B23289-CE8C-4581-9644-816F4DCE5707}.Debug|Any CPU.Build.0 = Debug|x86
		{75B23289-CE8C-4581-9644-816F4DCE5707}.Debug|Any CPU.Deploy.0 = Debug|x86
		{75B23289-CE8C-4581-9644-816F4DCE5707}.Debug|ARM.ActiveCfg = Debug|ARM
		{75B23289-CE8C-4581-9644-816F4DCE5707}.Debug|ARM.Build.0 = Debug|ARM
		{75B23289-CE8C-4581-9644-816F4DCE5707}.Debug|ARM.Deploy.0 = Debug|ARM
		{75B23289-CE8C-4581-9644-816F4DCE5707}.Debug|iPhone.ActiveCfg = Debug|x86
		{75B23289-CE8C-4581-9644-816F4DCE5707}.Debug|iPhone.Build.0 = Debug|x86
		{75B23289-CE8C-4581-9644-816F4DCE5707}.Debug|iPhone.Deploy.0 = Debug|x86
		{75B23289-CE8C-4581-9644-816F4DCE5707}.Debug|iPhoneSimulator.ActiveCfg = Debug|x86
		{75B23289-CE8C-4581-9644-816F4DCE5707}.Debug|iPhoneSimulator.Build.0 = Debug|x86
		{75B23289-CE8C-4581-9644-816F4DCE5707}.Debug|iPhoneSimulator.Deploy.0 = Debug|x86
		{75B23289-CE8C-4581-9644-816F4DCE5707}.Debug|x64.ActiveCfg = Debug|x64
		{75B23289-CE8C-4581-9644-816F4DCE5707}.Debug|x64.Build.0 = Debug|x64
		{75B23289-CE8C-4581-9644-816F4DCE5707}.Debug|x64.Deploy.0 = Debug|x64
		{75B23289-CE8C-4581-9644-816F4DCE5707}.Debug|x86.ActiveCfg = Debug|x86
		{75B23289-CE8C-4581-9644-816F4DCE5707}.Debug|x86.Build.0 = Debug|x86
		{75B23289-CE8C-4581-9644-816F4DCE5707}.Debug|x86.Deploy.0 = Debug|x86
		{75B23289-CE8C-4581-9644-816F4DCE5707}.Release|Any CPU.ActiveCfg = Release|x86
		{75B23289-CE8C-4581-9644-816F4DCE5707}.Release|Any CPU.Build.0 = Release|x86
		{75B23289-CE8C-4581-9644-816F4DCE5707}.Release|Any CPU.Deploy.0 = Release|x86
		{75B23289-CE8C-4581-9644-816F4DCE5707}.Release|ARM.ActiveCfg = Release|ARM
		{75B23289-CE8C-4581-9644-816F4DCE5707}.Release|ARM.Build.0 = Release|ARM
		{75B23289-CE8C-4581-9644-816F4DCE5707}.Release|ARM.Deploy.0 = Release|ARM
		{75B23289-CE8C-4581-9644-816F4DCE5707}.Release|iPhone.ActiveCfg = Release|x86
		{75B23289-CE8C-4581-9644-816F4DCE5707}.Release|iPhone.Build.0 = Release|x86
		{75B23289-CE8C-4581-9644-816F4DCE5707}.Release|iPhone.Deploy.0 = Release|x86
		{75B23289-CE8C-4581-9644-816F4DCE5707}.Release|iPhoneSimulator.ActiveCfg = Release|x86
		{75B23289-CE8C-4581-9644-816F4DCE5707}.Release|iPhoneSimulator.Build.0 = Release|x86
		{75B23289-CE8C-4581-9644-816F4DCE5707}.Release|iPhoneSimulator.Deploy.0 = Release|x86
		{75B23289-CE8C-4581-9644-816F4DCE5707}.Release|x64.ActiveCfg = Release|x64
		{75B23289-CE8C-4581-9644-816F4DCE5707}.Release|x64.Build.0 = Release|x64
		{75B23289-CE8C-4581-9644-816F4DCE5707}.Release|x64.Deploy.0 = Release|x64
		{75B23289-CE8C-4581-9644-816F4DCE5707}.Release|x86.ActiveCfg = Release|x86
		{75B23289-CE8C-4581-9644-816F4DCE5707}.Release|x86.Build.0 = Release|x86
		{75B23289-CE8C-4581-9644-816F4DCE5707}.Release|x86.Deploy.0 = Release|x86
	EndGlobalSection
	GlobalSection(SolutionProperties) = preSolution
		HideSolutionNode = FALSE
	EndGlobalSection
	GlobalSection(ExtensibilityGlobals) = postSolution
		SolutionGuid = {22CAF9A3-7569-499A-A9EB-6A8DD6F83F4B}
	EndGlobalSection
EndGlobal
